
Microsoft Visual Studio Solution File, Format Version 12.00
Project("{FAE04EC0-301F-11D3-BF4B-00C04F79EFBC}") = "ArduinoRgbApp.Core", "src\ArduinoRgbApp.Core\ArduinoRgbApp.Core.csproj", "{1607385D-CCF5-4A53-BA2F-4FAA4DB06F7A}"
EndProject
Project("{FAE04EC0-301F-11D3-BF4B-00C04F79EFBC}") = "ArduinoRgbApp.macOS", "ArduinoRgbApp.macOS\ArduinoRgbApp.macOS.csproj", "{D2F35413-B099-4974-ACAC-3C4CF68CC72B}"
EndProject
Global
	GlobalSection(SolutionConfigurationPlatforms) = preSolution
		Debug|Any CPU = Debug|Any CPU
		Release|Any CPU = Release|Any CPU
	EndGlobalSection
	GlobalSection(ProjectConfigurationPlatforms) = postSolution
		{1607385D-CCF5-4A53-BA2F-4FAA4DB06F7A}.Debug|Any CPU.ActiveCfg = Debug|Any CPU
		{1607385D-CCF5-4A53-BA2F-4FAA4DB06F7A}.Debug|Any CPU.Build.0 = Debug|Any CPU
		{1607385D-CCF5-4A53-BA2F-4FAA4DB06F7A}.Release|Any CPU.ActiveCfg = Release|Any CPU
		{1607385D-CCF5-4A53-BA2F-4FAA4DB06F7A}.Release|Any CPU.Build.0 = Release|Any CPU
		{D2F35413-B099-4974-ACAC-3C4CF68CC72B}.Debug|Any CPU.ActiveCfg = Debug|Any CPU
		{D2F35413-B099-4974-ACAC-3C4CF68CC72B}.Debug|Any CPU.Build.0 = Debug|Any CPU
		{D2F35413-B099-4974-ACAC-3C4CF68CC72B}.Release|Any CPU.ActiveCfg = Release|Any CPU
		{D2F35413-B099-4974-ACAC-3C4CF68CC72B}.Release|Any CPU.Build.0 = Release|Any CPU
	EndGlobalSection
EndGlobal
